// !$*UTF8*$!
{
	archiveVersion = 1;
	classes = {
	};
	objectVersion = 55;
	objects = {

/* Begin PBXBuildFile section */
		29521E3557646C1042FCD49D /* Pods_likeVKontakte.framework in Frameworks */ = {isa = PBXBuildFile; fileRef = C8AE9E0B43A61B7F6AF8E041 /* Pods_likeVKontakte.framework */; };
		3A1F785828536B690005CA9A /* LoginFormController.swift in Sources */ = {isa = PBXBuildFile; fileRef = 3A1F785728536B690005CA9A /* LoginFormController.swift */; };
		3A2CB812285F36250017EF54 /* Group.swift in Sources */ = {isa = PBXBuildFile; fileRef = 3A2CB811285F36250017EF54 /* Group.swift */; };
		3A2CB814285F381E0017EF54 /* AllFriendsTableViewController.swift in Sources */ = {isa = PBXBuildFile; fileRef = 3A2CB813285F381E0017EF54 /* AllFriendsTableViewController.swift */; };
		3A2CB818285F3AC80017EF54 /* Friend.swift in Sources */ = {isa = PBXBuildFile; fileRef = 3A2CB817285F3AC80017EF54 /* Friend.swift */; };
		3A2CB81A285F3EE40017EF54 /* FriendsListTableViewCell.swift in Sources */ = {isa = PBXBuildFile; fileRef = 3A2CB819285F3EE40017EF54 /* FriendsListTableViewCell.swift */; };
		3A2CB8222860AC5B0017EF54 /* NetworkService.swift in Sources */ = {isa = PBXBuildFile; fileRef = 3A2CB8212860AC5B0017EF54 /* NetworkService.swift */; };
		3A7D7EA128536AE8000A67E6 /* AppDelegate.swift in Sources */ = {isa = PBXBuildFile; fileRef = 3A7D7EA028536AE8000A67E6 /* AppDelegate.swift */; };
		3A7D7EA328536AE8000A67E6 /* SceneDelegate.swift in Sources */ = {isa = PBXBuildFile; fileRef = 3A7D7EA228536AE8000A67E6 /* SceneDelegate.swift */; };
		3A7D7EA828536AE8000A67E6 /* Main.storyboard in Resources */ = {isa = PBXBuildFile; fileRef = 3A7D7EA628536AE8000A67E6 /* Main.storyboard */; };
		3A7D7EAA28536AEA000A67E6 /* Assets.xcassets in Resources */ = {isa = PBXBuildFile; fileRef = 3A7D7EA928536AEA000A67E6 /* Assets.xcassets */; };
		3A7D7EAD28536AEA000A67E6 /* LaunchScreen.storyboard in Resources */ = {isa = PBXBuildFile; fileRef = 3A7D7EAB28536AEA000A67E6 /* LaunchScreen.storyboard */; };
		3AB27ED42878097600EE7F1E /* PhotosFriendJSON.swift in Sources */ = {isa = PBXBuildFile; fileRef = 3AB27ED32878097600EE7F1E /* PhotosFriendJSON.swift */; };
		3AB27ED628780C6400EE7F1E /* NetworkData.swift in Sources */ = {isa = PBXBuildFile; fileRef = 3AB27ED528780C6400EE7F1E /* NetworkData.swift */; };
		3AC5FF612865B0AF00FB668F /* GroupListTableViewCell.swift in Sources */ = {isa = PBXBuildFile; fileRef = 3AC5FF5F2865B0AF00FB668F /* GroupListTableViewCell.swift */; };
		3AC5FF622865B0AF00FB668F /* GroupListTableViewCell.xib in Resources */ = {isa = PBXBuildFile; fileRef = 3AC5FF602865B0AF00FB668F /* GroupListTableViewCell.xib */; };
		3AC5FF642865B4EA00FB668F /* MyGroupsViewController.swift in Sources */ = {isa = PBXBuildFile; fileRef = 3AC5FF632865B4EA00FB668F /* MyGroupsViewController.swift */; };
		3AC5FF662865C32D00FB668F /* AllGroupsViewController.swift in Sources */ = {isa = PBXBuildFile; fileRef = 3AC5FF652865C32D00FB668F /* AllGroupsViewController.swift */; };
		3AC5FF692865D85900FB668F /* MyGroups.swift in Sources */ = {isa = PBXBuildFile; fileRef = 3AC5FF682865D85800FB668F /* MyGroups.swift */; };
		3AC5FF6B2865DCD800FB668F /* MyFriendViewController.swift in Sources */ = {isa = PBXBuildFile; fileRef = 3AC5FF6A2865DCD800FB668F /* MyFriendViewController.swift */; };
		3AC5FF6D2865E18C00FB668F /* FriendCollectionViewCell.swift in Sources */ = {isa = PBXBuildFile; fileRef = 3AC5FF6C2865E18C00FB668F /* FriendCollectionViewCell.swift */; };
		3AC5FF6F286B1CE600FB668F /* LikeButtonView.swift in Sources */ = {isa = PBXBuildFile; fileRef = 3AC5FF6E286B1CE600FB668F /* LikeButtonView.swift */; };
		3AC5FF71286B1CFA00FB668F /* LikeButtonView.xib in Resources */ = {isa = PBXBuildFile; fileRef = 3AC5FF70286B1CFA00FB668F /* LikeButtonView.xib */; };
		3AC5FF73286D911500FB668F /* HorizontalGalleryViewController.swift in Sources */ = {isa = PBXBuildFile; fileRef = 3AC5FF72286D911500FB668F /* HorizontalGalleryViewController.swift */; };
		3AC5FF75286D95D900FB668F /* HorizontalGalleryView.swift in Sources */ = {isa = PBXBuildFile; fileRef = 3AC5FF74286D95D800FB668F /* HorizontalGalleryView.swift */; };
		3AC5FF77286D95E400FB668F /* HorizontalGalleryView.xib in Resources */ = {isa = PBXBuildFile; fileRef = 3AC5FF76286D95E400FB668F /* HorizontalGalleryView.xib */; };
		3AC5FF79286DEC5200FB668F /* StarView.swift in Sources */ = {isa = PBXBuildFile; fileRef = 3AC5FF78286DEC5100FB668F /* StarView.swift */; };
		3AC5FF7B287300B000FB668F /* VKAuthViewController.swift in Sources */ = {isa = PBXBuildFile; fileRef = 3AC5FF7A287300AE00FB668F /* VKAuthViewController.swift */; };
		3AD41A91287348E100BAC61E /* MyFriends.swift in Sources */ = {isa = PBXBuildFile; fileRef = 3AD41A90287348E100BAC61E /* MyFriends.swift */; };
		3AD41A972877016D00BAC61E /* FriendJSON.swift in Sources */ = {isa = PBXBuildFile; fileRef = 3AD41A962877016D00BAC61E /* FriendJSON.swift */; };
/* End PBXBuildFile section */

/* Begin PBXFileReference section */
		1AAD48DC85EEF91AE5A5617F /* Pods-likeVKontakte.debug.xcconfig */ = {isa = PBXFileReference; includeInIndex = 1; lastKnownFileType = text.xcconfig; name = "Pods-likeVKontakte.debug.xcconfig"; path = "Target Support Files/Pods-likeVKontakte/Pods-likeVKontakte.debug.xcconfig"; sourceTree = "<group>"; };
		3188D866094660D2E9A8969A /* Pods-likeVKontakte.release.xcconfig */ = {isa = PBXFileReference; includeInIndex = 1; lastKnownFileType = text.xcconfig; name = "Pods-likeVKontakte.release.xcconfig"; path = "Target Support Files/Pods-likeVKontakte/Pods-likeVKontakte.release.xcconfig"; sourceTree = "<group>"; };
		3A1F785728536B690005CA9A /* LoginFormController.swift */ = {isa = PBXFileReference; lastKnownFileType = sourcecode.swift; path = LoginFormController.swift; sourceTree = "<group>"; };
		3A2CB811285F36250017EF54 /* Group.swift */ = {isa = PBXFileReference; lastKnownFileType = sourcecode.swift; path = Group.swift; sourceTree = "<group>"; };
		3A2CB813285F381E0017EF54 /* AllFriendsTableViewController.swift */ = {isa = PBXFileReference; lastKnownFileType = sourcecode.swift; path = AllFriendsTableViewController.swift; sourceTree = "<group>"; };
		3A2CB817285F3AC80017EF54 /* Friend.swift */ = {isa = PBXFileReference; lastKnownFileType = sourcecode.swift; path = Friend.swift; sourceTree = "<group>"; };
		3A2CB819285F3EE40017EF54 /* FriendsListTableViewCell.swift */ = {isa = PBXFileReference; lastKnownFileType = sourcecode.swift; path = FriendsListTableViewCell.swift; sourceTree = "<group>"; };
		3A2CB8212860AC5B0017EF54 /* NetworkService.swift */ = {isa = PBXFileReference; lastKnownFileType = sourcecode.swift; path = NetworkService.swift; sourceTree = "<group>"; };
		3A7D7E9D28536AE8000A67E6 /* likeVKontakte.app */ = {isa = PBXFileReference; explicitFileType = wrapper.application; includeInIndex = 0; path = likeVKontakte.app; sourceTree = BUILT_PRODUCTS_DIR; };
		3A7D7EA028536AE8000A67E6 /* AppDelegate.swift */ = {isa = PBXFileReference; lastKnownFileType = sourcecode.swift; path = AppDelegate.swift; sourceTree = "<group>"; };
		3A7D7EA228536AE8000A67E6 /* SceneDelegate.swift */ = {isa = PBXFileReference; lastKnownFileType = sourcecode.swift; path = SceneDelegate.swift; sourceTree = "<group>"; };
		3A7D7EA728536AE8000A67E6 /* Base */ = {isa = PBXFileReference; lastKnownFileType = file.storyboard; name = Base; path = Base.lproj/Main.storyboard; sourceTree = "<group>"; };
		3A7D7EA928536AEA000A67E6 /* Assets.xcassets */ = {isa = PBXFileReference; lastKnownFileType = folder.assetcatalog; path = Assets.xcassets; sourceTree = "<group>"; };
		3A7D7EAC28536AEA000A67E6 /* Base */ = {isa = PBXFileReference; lastKnownFileType = file.storyboard; name = Base; path = Base.lproj/LaunchScreen.storyboard; sourceTree = "<group>"; };
		3A7D7EAE28536AEA000A67E6 /* Info.plist */ = {isa = PBXFileReference; lastKnownFileType = text.plist.xml; path = Info.plist; sourceTree = "<group>"; };
		3AB27ED32878097600EE7F1E /* PhotosFriendJSON.swift */ = {isa = PBXFileReference; lastKnownFileType = sourcecode.swift; path = PhotosFriendJSON.swift; sourceTree = "<group>"; };
		3AB27ED528780C6400EE7F1E /* NetworkData.swift */ = {isa = PBXFileReference; lastKnownFileType = sourcecode.swift; path = NetworkData.swift; sourceTree = "<group>"; };
		3AC5FF5F2865B0AF00FB668F /* GroupListTableViewCell.swift */ = {isa = PBXFileReference; lastKnownFileType = sourcecode.swift; path = GroupListTableViewCell.swift; sourceTree = "<group>"; };
		3AC5FF602865B0AF00FB668F /* GroupListTableViewCell.xib */ = {isa = PBXFileReference; lastKnownFileType = file.xib; path = GroupListTableViewCell.xib; sourceTree = "<group>"; };
		3AC5FF632865B4EA00FB668F /* MyGroupsViewController.swift */ = {isa = PBXFileReference; lastKnownFileType = sourcecode.swift; path = MyGroupsViewController.swift; sourceTree = "<group>"; };
		3AC5FF652865C32D00FB668F /* AllGroupsViewController.swift */ = {isa = PBXFileReference; lastKnownFileType = sourcecode.swift; path = AllGroupsViewController.swift; sourceTree = "<group>"; };
		3AC5FF682865D85800FB668F /* MyGroups.swift */ = {isa = PBXFileReference; lastKnownFileType = sourcecode.swift; path = MyGroups.swift; sourceTree = "<group>"; };
		3AC5FF6A2865DCD800FB668F /* MyFriendViewController.swift */ = {isa = PBXFileReference; lastKnownFileType = sourcecode.swift; path = MyFriendViewController.swift; sourceTree = "<group>"; };
		3AC5FF6C2865E18C00FB668F /* FriendCollectionViewCell.swift */ = {isa = PBXFileReference; lastKnownFileType = sourcecode.swift; path = FriendCollectionViewCell.swift; sourceTree = "<group>"; };
		3AC5FF6E286B1CE600FB668F /* LikeButtonView.swift */ = {isa = PBXFileReference; lastKnownFileType = sourcecode.swift; path = LikeButtonView.swift; sourceTree = "<group>"; };
		3AC5FF70286B1CFA00FB668F /* LikeButtonView.xib */ = {isa = PBXFileReference; lastKnownFileType = file.xib; path = LikeButtonView.xib; sourceTree = "<group>"; };
		3AC5FF72286D911500FB668F /* HorizontalGalleryViewController.swift */ = {isa = PBXFileReference; lastKnownFileType = sourcecode.swift; path = HorizontalGalleryViewController.swift; sourceTree = "<group>"; };
		3AC5FF74286D95D800FB668F /* HorizontalGalleryView.swift */ = {isa = PBXFileReference; lastKnownFileType = sourcecode.swift; path = HorizontalGalleryView.swift; sourceTree = "<group>"; };
		3AC5FF76286D95E400FB668F /* HorizontalGalleryView.xib */ = {isa = PBXFileReference; lastKnownFileType = file.xib; path = HorizontalGalleryView.xib; sourceTree = "<group>"; };
		3AC5FF78286DEC5100FB668F /* StarView.swift */ = {isa = PBXFileReference; lastKnownFileType = sourcecode.swift; path = StarView.swift; sourceTree = "<group>"; };
		3AC5FF7A287300AE00FB668F /* VKAuthViewController.swift */ = {isa = PBXFileReference; lastKnownFileType = sourcecode.swift; path = VKAuthViewController.swift; sourceTree = "<group>"; };
		3AD41A90287348E100BAC61E /* MyFriends.swift */ = {isa = PBXFileReference; lastKnownFileType = sourcecode.swift; path = MyFriends.swift; sourceTree = "<group>"; };
		3AD41A962877016D00BAC61E /* FriendJSON.swift */ = {isa = PBXFileReference; lastKnownFileType = sourcecode.swift; path = FriendJSON.swift; sourceTree = "<group>"; };
		C8AE9E0B43A61B7F6AF8E041 /* Pods_likeVKontakte.framework */ = {isa = PBXFileReference; explicitFileType = wrapper.framework; includeInIndex = 0; path = Pods_likeVKontakte.framework; sourceTree = BUILT_PRODUCTS_DIR; };
/* End PBXFileReference section */

/* Begin PBXFrameworksBuildPhase section */
		3A7D7E9A28536AE8000A67E6 /* Frameworks */ = {
			isa = PBXFrameworksBuildPhase;
			buildActionMask = 2147483647;
			files = (
				29521E3557646C1042FCD49D /* Pods_likeVKontakte.framework in Frameworks */,
			);
			runOnlyForDeploymentPostprocessing = 0;
		};
/* End PBXFrameworksBuildPhase section */

/* Begin PBXGroup section */
		051DCC4A195BA18BA8D3E3E8 /* Frameworks */ = {
			isa = PBXGroup;
			children = (
				C8AE9E0B43A61B7F6AF8E041 /* Pods_likeVKontakte.framework */,
			);
			name = Frameworks;
			sourceTree = "<group>";
		};
		3A7D7E9428536AE8000A67E6 = {
			isa = PBXGroup;
			children = (
				3A7D7E9F28536AE8000A67E6 /* likeVKontakte */,
				3A7D7E9E28536AE8000A67E6 /* Products */,
				4079ECF346CB968A89654164 /* Pods */,
				051DCC4A195BA18BA8D3E3E8 /* Frameworks */,
			);
			sourceTree = "<group>";
		};
		3A7D7E9E28536AE8000A67E6 /* Products */ = {
			isa = PBXGroup;
			children = (
				3A7D7E9D28536AE8000A67E6 /* likeVKontakte.app */,
			);
			name = Products;
			sourceTree = "<group>";
		};
		3A7D7E9F28536AE8000A67E6 /* likeVKontakte */ = {
			isa = PBXGroup;
			children = (
				3A7D7EA028536AE8000A67E6 /* AppDelegate.swift */,
				3A7D7EA228536AE8000A67E6 /* SceneDelegate.swift */,
				3AC5FF7C2873368500FB668F /* Services */,
				3AC5FF672865D84600FB668F /* Storage */,
				3AB84D4A285A5696006D1CDF /* Models */,
				3AB84D4C285A56A3006D1CDF /* Controllers */,
				3AB84D4B285A569E006D1CDF /* Views */,
				3A7D7EA928536AEA000A67E6 /* Assets.xcassets */,
				3A7D7EAE28536AEA000A67E6 /* Info.plist */,
			);
			path = likeVKontakte;
			sourceTree = "<group>";
		};
		3AB84D4A285A5696006D1CDF /* Models */ = {
			isa = PBXGroup;
			children = (
				3A2CB811285F36250017EF54 /* Group.swift */,
				3A2CB817285F3AC80017EF54 /* Friend.swift */,
				3AD41A962877016D00BAC61E /* FriendJSON.swift */,
				3AB27ED32878097600EE7F1E /* PhotosFriendJSON.swift */,
			);
			path = Models;
			sourceTree = "<group>";
		};
		3AB84D4B285A569E006D1CDF /* Views */ = {
			isa = PBXGroup;
			children = (
				3A7D7EAB28536AEA000A67E6 /* LaunchScreen.storyboard */,
				3A7D7EA628536AE8000A67E6 /* Main.storyboard */,
				3AF7CEAD287875F800FA8ABA /* First tab(friends) */,
				3AF7CEAE2878760800FA8ABA /* Second tab (groups) */,
			);
			path = Views;
			sourceTree = "<group>";
		};
		3AB84D4C285A56A3006D1CDF /* Controllers */ = {
			isa = PBXGroup;
			children = (
				3A1F785728536B690005CA9A /* LoginFormController.swift */,
				3AC5FF7A287300AE00FB668F /* VKAuthViewController.swift */,
				3AC5FF5C2861BC8A00FB668F /* First tab (friends) */,
				3AC5FF5D2861BC9500FB668F /* Second tab (groups) */,
			);
			path = Controllers;
			sourceTree = "<group>";
		};
		3AC5FF5C2861BC8A00FB668F /* First tab (friends) */ = {
			isa = PBXGroup;
			children = (
				3A2CB813285F381E0017EF54 /* AllFriendsTableViewController.swift */,
				3AC5FF6A2865DCD800FB668F /* MyFriendViewController.swift */,
				3AC5FF72286D911500FB668F /* HorizontalGalleryViewController.swift */,
			);
			path = "First tab (friends)";
			sourceTree = "<group>";
		};
		3AC5FF5D2861BC9500FB668F /* Second tab (groups) */ = {
			isa = PBXGroup;
			children = (
				3AC5FF632865B4EA00FB668F /* MyGroupsViewController.swift */,
				3AC5FF652865C32D00FB668F /* AllGroupsViewController.swift */,
			);
			path = "Second tab (groups)";
			sourceTree = "<group>";
		};
		3AC5FF672865D84600FB668F /* Storage */ = {
			isa = PBXGroup;
			children = (
				3AC5FF682865D85800FB668F /* MyGroups.swift */,
				3AD41A90287348E100BAC61E /* MyFriends.swift */,
				3AB27ED528780C6400EE7F1E /* NetworkData.swift */,
			);
			path = Storage;
			sourceTree = "<group>";
		};
		3AC5FF7C2873368500FB668F /* Services */ = {
			isa = PBXGroup;
			children = (
				3A2CB8212860AC5B0017EF54 /* NetworkService.swift */,
			);
			path = Services;
			sourceTree = "<group>";
		};
		3AF7CEAD287875F800FA8ABA /* First tab(friends) */ = {
			isa = PBXGroup;
			children = (
				3A2CB819285F3EE40017EF54 /* FriendsListTableViewCell.swift */,
				3AC5FF6C2865E18C00FB668F /* FriendCollectionViewCell.swift */,
				3AC5FF6E286B1CE600FB668F /* LikeButtonView.swift */,
				3AC5FF70286B1CFA00FB668F /* LikeButtonView.xib */,
				3AC5FF74286D95D800FB668F /* HorizontalGalleryView.swift */,
				3AC5FF76286D95E400FB668F /* HorizontalGalleryView.xib */,
				3AC5FF78286DEC5100FB668F /* StarView.swift */,
			);
			path = "First tab(friends)";
			sourceTree = "<group>";
		};
		3AF7CEAE2878760800FA8ABA /* Second tab (groups) */ = {
			isa = PBXGroup;
			children = (
				3AC5FF602865B0AF00FB668F /* GroupListTableViewCell.xib */,
				3AC5FF5F2865B0AF00FB668F /* GroupListTableViewCell.swift */,
			);
			path = "Second tab (groups)";
			sourceTree = "<group>";
		};
		4079ECF346CB968A89654164 /* Pods */ = {
			isa = PBXGroup;
			children = (
				1AAD48DC85EEF91AE5A5617F /* Pods-likeVKontakte.debug.xcconfig */,
				3188D866094660D2E9A8969A /* Pods-likeVKontakte.release.xcconfig */,
			);
			path = Pods;
			sourceTree = "<group>";
		};
/* End PBXGroup section */

/* Begin PBXNativeTarget section */
		3A7D7E9C28536AE8000A67E6 /* likeVKontakte */ = {
			isa = PBXNativeTarget;
			buildConfigurationList = 3A7D7EB128536AEA000A67E6 /* Build configuration list for PBXNativeTarget "likeVKontakte" */;
			buildPhases = (
				EA11858ECA77FFF9C1B3E504 /* [CP] Check Pods Manifest.lock */,
				3A7D7E9928536AE8000A67E6 /* Sources */,
				3A7D7E9A28536AE8000A67E6 /* Frameworks */,
				3A7D7E9B28536AE8000A67E6 /* Resources */,
				92519BB8366574389E259704 /* [CP] Embed Pods Frameworks */,
			);
			buildRules = (
			);
			dependencies = (
			);
			name = likeVKontakte;
			productName = likeVKontakte;
			productReference = 3A7D7E9D28536AE8000A67E6 /* likeVKontakte.app */;
			productType = "com.apple.product-type.application";
		};
/* End PBXNativeTarget section */

/* Begin PBXProject section */
		3A7D7E9528536AE8000A67E6 /* Project object */ = {
			isa = PBXProject;
			attributes = {
				BuildIndependentTargetsInParallel = 1;
				LastSwiftUpdateCheck = 1330;
				LastUpgradeCheck = 1330;
				TargetAttributes = {
					3A7D7E9C28536AE8000A67E6 = {
						CreatedOnToolsVersion = 13.3.1;
					};
				};
			};
			buildConfigurationList = 3A7D7E9828536AE8000A67E6 /* Build configuration list for PBXProject "likeVKontakte" */;
			compatibilityVersion = "Xcode 13.0";
			developmentRegion = en;
			hasScannedForEncodings = 0;
			knownRegions = (
				en,
				Base,
			);
			mainGroup = 3A7D7E9428536AE8000A67E6;
			productRefGroup = 3A7D7E9E28536AE8000A67E6 /* Products */;
			projectDirPath = "";
			projectRoot = "";
			targets = (
				3A7D7E9C28536AE8000A67E6 /* likeVKontakte */,
			);
		};
/* End PBXProject section */

/* Begin PBXResourcesBuildPhase section */
		3A7D7E9B28536AE8000A67E6 /* Resources */ = {
			isa = PBXResourcesBuildPhase;
			buildActionMask = 2147483647;
			files = (
				3A7D7EAD28536AEA000A67E6 /* LaunchScreen.storyboard in Resources */,
				3A7D7EAA28536AEA000A67E6 /* Assets.xcassets in Resources */,
				3A7D7EA828536AE8000A67E6 /* Main.storyboard in Resources */,
				3AC5FF77286D95E400FB668F /* HorizontalGalleryView.xib in Resources */,
				3AC5FF71286B1CFA00FB668F /* LikeButtonView.xib in Resources */,
				3AC5FF622865B0AF00FB668F /* GroupListTableViewCell.xib in Resources */,
			);
			runOnlyForDeploymentPostprocessing = 0;
		};
/* End PBXResourcesBuildPhase section */

/* Begin PBXShellScriptBuildPhase section */
		92519BB8366574389E259704 /* [CP] Embed Pods Frameworks */ = {
			isa = PBXShellScriptBuildPhase;
			buildActionMask = 2147483647;
			files = (
			);
			inputFileListPaths = (
				"${PODS_ROOT}/Target Support Files/Pods-likeVKontakte/Pods-likeVKontakte-frameworks-${CONFIGURATION}-input-files.xcfilelist",
			);
			name = "[CP] Embed Pods Frameworks";
			outputFileListPaths = (
				"${PODS_ROOT}/Target Support Files/Pods-likeVKontakte/Pods-likeVKontakte-frameworks-${CONFIGURATION}-output-files.xcfilelist",
			);
			runOnlyForDeploymentPostprocessing = 0;
			shellPath = /bin/sh;
			shellScript = "\"${PODS_ROOT}/Target Support Files/Pods-likeVKontakte/Pods-likeVKontakte-frameworks.sh\"\n";
			showEnvVarsInLog = 0;
		};
		EA11858ECA77FFF9C1B3E504 /* [CP] Check Pods Manifest.lock */ = {
			isa = PBXShellScriptBuildPhase;
			buildActionMask = 2147483647;
			files = (
			);
			inputFileListPaths = (
			);
			inputPaths = (
				"${PODS_PODFILE_DIR_PATH}/Podfile.lock",
				"${PODS_ROOT}/Manifest.lock",
			);
			name = "[CP] Check Pods Manifest.lock";
			outputFileListPaths = (
			);
			outputPaths = (
				"$(DERIVED_FILE_DIR)/Pods-likeVKontakte-checkManifestLockResult.txt",
			);
			runOnlyForDeploymentPostprocessing = 0;
			shellPath = /bin/sh;
			shellScript = "diff \"${PODS_PODFILE_DIR_PATH}/Podfile.lock\" \"${PODS_ROOT}/Manifest.lock\" > /dev/null\nif [ $? != 0 ] ; then\n    # print error to STDERR\n    echo \"error: The sandbox is not in sync with the Podfile.lock. Run 'pod install' or update your CocoaPods installation.\" >&2\n    exit 1\nfi\n# This output is used by Xcode 'outputs' to avoid re-running this script phase.\necho \"SUCCESS\" > \"${SCRIPT_OUTPUT_FILE_0}\"\n";
			showEnvVarsInLog = 0;
		};
/* End PBXShellScriptBuildPhase section */

/* Begin PBXSourcesBuildPhase section */
		3A7D7E9928536AE8000A67E6 /* Sources */ = {
			isa = PBXSourcesBuildPhase;
			buildActionMask = 2147483647;
			files = (
				3A2CB814285F381E0017EF54 /* AllFriendsTableViewController.swift in Sources */,
				3AC5FF642865B4EA00FB668F /* MyGroupsViewController.swift in Sources */,
				3AC5FF73286D911500FB668F /* HorizontalGalleryViewController.swift in Sources */,
				3AD41A91287348E100BAC61E /* MyFriends.swift in Sources */,
				3A2CB818285F3AC80017EF54 /* Friend.swift in Sources */,
				3A2CB81A285F3EE40017EF54 /* FriendsListTableViewCell.swift in Sources */,
				3AC5FF662865C32D00FB668F /* AllGroupsViewController.swift in Sources */,
				3A1F785828536B690005CA9A /* LoginFormController.swift in Sources */,
				3AB27ED42878097600EE7F1E /* PhotosFriendJSON.swift in Sources */,
				3AC5FF75286D95D900FB668F /* HorizontalGalleryView.swift in Sources */,
				3A7D7EA128536AE8000A67E6 /* AppDelegate.swift in Sources */,
				3AC5FF79286DEC5200FB668F /* StarView.swift in Sources */,
				3AB27ED628780C6400EE7F1E /* NetworkData.swift in Sources */,
				3A7D7EA328536AE8000A67E6 /* SceneDelegate.swift in Sources */,
				3AC5FF7B287300B000FB668F /* VKAuthViewController.swift in Sources */,
				3AC5FF6B2865DCD800FB668F /* MyFriendViewController.swift in Sources */,
				3A2CB8222860AC5B0017EF54 /* NetworkService.swift in Sources */,
				3AD41A972877016D00BAC61E /* FriendJSON.swift in Sources */,
				3AC5FF6F286B1CE600FB668F /* LikeButtonView.swift in Sources */,
				3AC5FF612865B0AF00FB668F /* GroupListTableViewCell.swift in Sources */,
				3AC5FF6D2865E18C00FB668F /* FriendCollectionViewCell.swift in Sources */,
				3A2CB812285F36250017EF54 /* Group.swift in Sources */,
				3AC5FF692865D85900FB668F /* MyGroups.swift in Sources */,
			);
			runOnlyForDeploymentPostprocessing = 0;
		};
/* End PBXSourcesBuildPhase section */

/* Begin PBXVariantGroup section */
		3A7D7EA628536AE8000A67E6 /* Main.storyboard */ = {
			isa = PBXVariantGroup;
			children = (
				3A7D7EA728536AE8000A67E6 /* Base */,
			);
			name = Main.storyboard;
			sourceTree = "<group>";
		};
		3A7D7EAB28536AEA000A67E6 /* LaunchScreen.storyboard */ = {
			isa = PBXVariantGroup;
			children = (
				3A7D7EAC28536AEA000A67E6 /* Base */,
			);
			name = LaunchScreen.storyboard;
			sourceTree = "<group>";
		};
/* End PBXVariantGroup section */

/* Begin XCBuildConfiguration section */
		3A7D7EAF28536AEA000A67E6 /* Debug */ = {
			isa = XCBuildConfiguration;
			buildSettings = {
				ALWAYS_SEARCH_USER_PATHS = NO;
				CLANG_ANALYZER_NONNULL = YES;
				CLANG_ANALYZER_NUMBER_OBJECT_CONVERSION = YES_AGGRESSIVE;
				CLANG_CXX_LANGUAGE_STANDARD = "gnu++17";
				CLANG_ENABLE_MODULES = YES;
				CLANG_ENABLE_OBJC_ARC = YES;
				CLANG_ENABLE_OBJC_WEAK = YES;
				CLANG_WARN_BLOCK_CAPTURE_AUTORELEASING = YES;
				CLANG_WARN_BOOL_CONVERSION = YES;
				CLANG_WARN_COMMA = YES;
				CLANG_WARN_CONSTANT_CONVERSION = YES;
				CLANG_WARN_DEPRECATED_OBJC_IMPLEMENTATIONS = YES;
				CLANG_WARN_DIRECT_OBJC_ISA_USAGE = YES_ERROR;
				CLANG_WARN_DOCUMENTATION_COMMENTS = YES;
				CLANG_WARN_EMPTY_BODY = YES;
				CLANG_WARN_ENUM_CONVERSION = YES;
				CLANG_WARN_INFINITE_RECURSION = YES;
				CLANG_WARN_INT_CONVERSION = YES;
				CLANG_WARN_NON_LITERAL_NULL_CONVERSION = YES;
				CLANG_WARN_OBJC_IMPLICIT_RETAIN_SELF = YES;
				CLANG_WARN_OBJC_LITERAL_CONVERSION = YES;
				CLANG_WARN_OBJC_ROOT_CLASS = YES_ERROR;
				CLANG_WARN_QUOTED_INCLUDE_IN_FRAMEWORK_HEADER = YES;
				CLANG_WARN_RANGE_LOOP_ANALYSIS = YES;
				CLANG_WARN_STRICT_PROTOTYPES = YES;
				CLANG_WARN_SUSPICIOUS_MOVE = YES;
				CLANG_WARN_UNGUARDED_AVAILABILITY = YES_AGGRESSIVE;
				CLANG_WARN_UNREACHABLE_CODE = YES;
				CLANG_WARN__DUPLICATE_METHOD_MATCH = YES;
				COPY_PHASE_STRIP = NO;
				DEBUG_INFORMATION_FORMAT = dwarf;
				ENABLE_STRICT_OBJC_MSGSEND = YES;
				ENABLE_TESTABILITY = YES;
				GCC_C_LANGUAGE_STANDARD = gnu11;
				GCC_DYNAMIC_NO_PIC = NO;
				GCC_NO_COMMON_BLOCKS = YES;
				GCC_OPTIMIZATION_LEVEL = 0;
				GCC_PREPROCESSOR_DEFINITIONS = (
					"DEBUG=1",
					"$(inherited)",
				);
				GCC_WARN_64_TO_32_BIT_CONVERSION = YES;
				GCC_WARN_ABOUT_RETURN_TYPE = YES_ERROR;
				GCC_WARN_UNDECLARED_SELECTOR = YES;
				GCC_WARN_UNINITIALIZED_AUTOS = YES_AGGRESSIVE;
				GCC_WARN_UNUSED_FUNCTION = YES;
				GCC_WARN_UNUSED_VARIABLE = YES;
				IPHONEOS_DEPLOYMENT_TARGET = 15.4;
				MTL_ENABLE_DEBUG_INFO = INCLUDE_SOURCE;
				MTL_FAST_MATH = YES;
				ONLY_ACTIVE_ARCH = YES;
				SDKROOT = iphoneos;
				SWIFT_ACTIVE_COMPILATION_CONDITIONS = DEBUG;
				SWIFT_OPTIMIZATION_LEVEL = "-Onone";
			};
			name = Debug;
		};
		3A7D7EB028536AEA000A67E6 /* Release */ = {
			isa = XCBuildConfiguration;
			buildSettings = {
				ALWAYS_SEARCH_USER_PATHS = NO;
				CLANG_ANALYZER_NONNULL = YES;
				CLANG_ANALYZER_NUMBER_OBJECT_CONVERSION = YES_AGGRESSIVE;
				CLANG_CXX_LANGUAGE_STANDARD = "gnu++17";
				CLANG_ENABLE_MODULES = YES;
				CLANG_ENABLE_OBJC_ARC = YES;
				CLANG_ENABLE_OBJC_WEAK = YES;
				CLANG_WARN_BLOCK_CAPTURE_AUTORELEASING = YES;
				CLANG_WARN_BOOL_CONVERSION = YES;
				CLANG_WARN_COMMA = YES;
				CLANG_WARN_CONSTANT_CONVERSION = YES;
				CLANG_WARN_DEPRECATED_OBJC_IMPLEMENTATIONS = YES;
				CLANG_WARN_DIRECT_OBJC_ISA_USAGE = YES_ERROR;
				CLANG_WARN_DOCUMENTATION_COMMENTS = YES;
				CLANG_WARN_EMPTY_BODY = YES;
				CLANG_WARN_ENUM_CONVERSION = YES;
				CLANG_WARN_INFINITE_RECURSION = YES;
				CLANG_WARN_INT_CONVERSION = YES;
				CLANG_WARN_NON_LITERAL_NULL_CONVERSION = YES;
				CLANG_WARN_OBJC_IMPLICIT_RETAIN_SELF = YES;
				CLANG_WARN_OBJC_LITERAL_CONVERSION = YES;
				CLANG_WARN_OBJC_ROOT_CLASS = YES_ERROR;
				CLANG_WARN_QUOTED_INCLUDE_IN_FRAMEWORK_HEADER = YES;
				CLANG_WARN_RANGE_LOOP_ANALYSIS = YES;
				CLANG_WARN_STRICT_PROTOTYPES = YES;
				CLANG_WARN_SUSPICIOUS_MOVE = YES;
				CLANG_WARN_UNGUARDED_AVAILABILITY = YES_AGGRESSIVE;
				CLANG_WARN_UNREACHABLE_CODE = YES;
				CLANG_WARN__DUPLICATE_METHOD_MATCH = YES;
				COPY_PHASE_STRIP = NO;
				DEBUG_INFORMATION_FORMAT = "dwarf-with-dsym";
				ENABLE_NS_ASSERTIONS = NO;
				ENABLE_STRICT_OBJC_MSGSEND = YES;
				GCC_C_LANGUAGE_STANDARD = gnu11;
				GCC_NO_COMMON_BLOCKS = YES;
				GCC_WARN_64_TO_32_BIT_CONVERSION = YES;
				GCC_WARN_ABOUT_RETURN_TYPE = YES_ERROR;
				GCC_WARN_UNDECLARED_SELECTOR = YES;
				GCC_WARN_UNINITIALIZED_AUTOS = YES_AGGRESSIVE;
				GCC_WARN_UNUSED_FUNCTION = YES;
				GCC_WARN_UNUSED_VARIABLE = YES;
				IPHONEOS_DEPLOYMENT_TARGET = 15.4;
				MTL_ENABLE_DEBUG_INFO = NO;
				MTL_FAST_MATH = YES;
				SDKROOT = iphoneos;
				SWIFT_COMPILATION_MODE = wholemodule;
				SWIFT_OPTIMIZATION_LEVEL = "-O";
				VALIDATE_PRODUCT = YES;
			};
			name = Release;
		};
		3A7D7EB228536AEA000A67E6 /* Debug */ = {
			isa = XCBuildConfiguration;
			baseConfigurationReference = 1AAD48DC85EEF91AE5A5617F /* Pods-likeVKontakte.debug.xcconfig */;
			buildSettings = {
				ASSETCATALOG_COMPILER_APPICON_NAME = AppIcon;
				ASSETCATALOG_COMPILER_GLOBAL_ACCENT_COLOR_NAME = AccentColor;
				CODE_SIGN_STYLE = Automatic;
				CURRENT_PROJECT_VERSION = 1;
				DEVELOPMENT_TEAM = X6S824DCXB;
				GENERATE_INFOPLIST_FILE = YES;
				INFOPLIST_FILE = likeVKontakte/Info.plist;
				INFOPLIST_KEY_UIApplicationSupportsIndirectInputEvents = YES;
				INFOPLIST_KEY_UILaunchStoryboardName = LaunchScreen;
				INFOPLIST_KEY_UIMainStoryboardFile = Main;
				INFOPLIST_KEY_UISupportedInterfaceOrientations_iPad = "UIInterfaceOrientationPortrait UIInterfaceOrientationPortraitUpsideDown UIInterfaceOrientationLandscapeLeft UIInterfaceOrientationLandscapeRight";
				INFOPLIST_KEY_UISupportedInterfaceOrientations_iPhone = "UIInterfaceOrientationPortrait UIInterfaceOrientationLandscapeLeft UIInterfaceOrientationLandscapeRight";
				LD_RUNPATH_SEARCH_PATHS = (
					"$(inherited)",
					"@executable_path/Frameworks",
				);
				MARKETING_VERSION = 1.0;
				PRODUCT_BUNDLE_IDENTIFIER = golubeykov.likeVKontakte;
				PRODUCT_NAME = "$(TARGET_NAME)";
				SWIFT_EMIT_LOC_STRINGS = YES;
				SWIFT_VERSION = 5.0;
				TARGETED_DEVICE_FAMILY = 1;
			};
			name = Debug;
		};
		3A7D7EB328536AEA000A67E6 /* Release */ = {
			isa = XCBuildConfiguration;
			baseConfigurationReference = 3188D866094660D2E9A8969A /* Pods-likeVKontakte.release.xcconfig */;
			buildSettings = {
				ASSETCATALOG_COMPILER_APPICON_NAME = AppIcon;
				ASSETCATALOG_COMPILER_GLOBAL_ACCENT_COLOR_NAME = AccentColor;
				CODE_SIGN_STYLE = Automatic;
				CURRENT_PROJECT_VERSION = 1;
				DEVELOPMENT_TEAM = X6S824DCXB;
				GENERATE_INFOPLIST_FILE = YES;
				INFOPLIST_FILE = likeVKontakte/Info.plist;
				INFOPLIST_KEY_UIApplicationSupportsIndirectInputEvents = YES;
				INFOPLIST_KEY_UILaunchStoryboardName = LaunchScreen;
				INFOPLIST_KEY_UIMainStoryboardFile = Main;
				INFOPLIST_KEY_UISupportedInterfaceOrientations_iPad = "UIInterfaceOrientationPortrait UIInterfaceOrientationPortraitUpsideDown UIInterfaceOrientationLandscapeLeft UIInterfaceOrientationLandscapeRight";
				INFOPLIST_KEY_UISupportedInterfaceOrientations_iPhone = "UIInterfaceOrientationPortrait UIInterfaceOrientationLandscapeLeft UIInterfaceOrientationLandscapeRight";
				LD_RUNPATH_SEARCH_PATHS = (
					"$(inherited)",
					"@executable_path/Frameworks",
				);
				MARKETING_VERSION = 1.0;
				PRODUCT_BUNDLE_IDENTIFIER = golubeykov.likeVKontakte;
				PRODUCT_NAME = "$(TARGET_NAME)";
				SWIFT_EMIT_LOC_STRINGS = YES;
				SWIFT_VERSION = 5.0;
				TARGETED_DEVICE_FAMILY = 1;
			};
			name = Release;
		};
/* End XCBuildConfiguration section */

/* Begin XCConfigurationList section */
		3A7D7E9828536AE8000A67E6 /* Build configuration list for PBXProject "likeVKontakte" */ = {
			isa = XCConfigurationList;
			buildConfigurations = (
				3A7D7EAF28536AEA000A67E6 /* Debug */,
				3A7D7EB028536AEA000A67E6 /* Release */,
			);
			defaultConfigurationIsVisible = 0;
			defaultConfigurationName = Release;
		};
		3A7D7EB128536AEA000A67E6 /* Build configuration list for PBXNativeTarget "likeVKontakte" */ = {
			isa = XCConfigurationList;
			buildConfigurations = (
				3A7D7EB228536AEA000A67E6 /* Debug */,
				3A7D7EB328536AEA000A67E6 /* Release */,
			);
			defaultConfigurationIsVisible = 0;
			defaultConfigurationName = Release;
		};
/* End XCConfigurationList section */
	};
	rootObject = 3A7D7E9528536AE8000A67E6 /* Project object */;
}
